
Microsoft Visual Studio Solution File, Format Version 12.00
# Visual Studio Version 16
VisualStudioVersion = 16.0.29519.87
MinimumVisualStudioVersion = 10.0.40219.1
Project("{FAE04EC0-301F-11D3-BF4B-00C04F79EFBC}") = "CustomControl", "CustomControl.csproj", "{2992F8FC-3BBD-41F5-AD2C-EEEC7B6B8854}"
EndProject
Global
	GlobalSection(SolutionConfigurationPlatforms) = preSolution
		Debug|Any CPU = Debug|Any CPU
		Release|Any CPU = Release|Any CPU
	EndGlobalSection
	GlobalSection(ProjectConfigurationPlatforms) = postSolution
		{2992F8FC-3BBD-41F5-AD2C-EEEC7B6B8854}.Debug|Any CPU.ActiveCfg = Debug|Any CPU
		{2992F8FC-3BBD-41F5-AD2C-EEEC7B6B8854}.Debug|Any CPU.Build.0 = Debug|Any CPU
		{2992F8FC-3BBD-41F5-AD2C-EEEC7B6B8854}.Release|Any CPU.ActiveCfg = Release|Any CPU
		{2992F8FC-3BBD-41F5-AD2C-EEEC7B6B8854}.Release|Any CPU.Build.0 = Release|Any CPU
	EndGlobalSection
	GlobalSection(SolutionProperties) = preSolution
		HideSolutionNode = FALSE
	EndGlobalSection
	GlobalSection(ExtensibilityGlobals) = postSolution
		SolutionGuid = {9033FA95-6CE7-4FEE-9FF9-6B27CB3479CF}
	EndGlobalSection
EndGlobal
